
Microsoft Visual Studio Solution File, Format Version 12.00
# Visual Studio Version 16
VisualStudioVersion = 16.0.31410.357
MinimumVisualStudioVersion = 10.0.40219.1
Project("{FAE04EC0-301F-11D3-BF4B-00C04F79EFBC}") = "Enum", "..\Enum\Enum.csproj", "{D2CEBE8E-6964-48AF-BC12-6450A1A45582}"
EndProject
Project("{FAE04EC0-301F-11D3-BF4B-00C04F79EFBC}") = "ListExample", "..\ListExample\ListExample.csproj", "{EE85DFC3-3E7C-447A-A658-3679323812B2}"
EndProject
Global
	GlobalSection(SolutionConfigurationPlatforms) = preSolution
		Debug|Any CPU = Debug|Any CPU
		Release|Any CPU = Release|Any CPU
	EndGlobalSection
	GlobalSection(ProjectConfigurationPlatforms) = postSolution
		{D2CEBE8E-6964-48AF-BC12-6450A1A45582}.Debug|Any CPU.ActiveCfg = Debug|Any CPU
		{D2CEBE8E-6964-48AF-BC12-6450A1A45582}.Debug|Any CPU.Build.0 = Debug|Any CPU
		{D2CEBE8E-6964-48AF-BC12-6450A1A45582}.Release|Any CPU.ActiveCfg = Release|Any CPU
		{D2CEBE8E-6964-48AF-BC12-6450A1A45582}.Release|Any CPU.Build.0 = Release|Any CPU
		{EE85DFC3-3E7C-447A-A658-3679323812B2}.Debug|Any CPU.ActiveCfg = Debug|Any CPU
		{EE85DFC3-3E7C-447A-A658-3679323812B2}.Debug|Any CPU.Build.0 = Debug|Any CPU
		{EE85DFC3-3E7C-447A-A658-3679323812B2}.Release|Any CPU.ActiveCfg = Release|Any CPU
		{EE85DFC3-3E7C-447A-A658-3679323812B2}.Release|Any CPU.Build.0 = Release|Any CPU
	EndGlobalSection
	GlobalSection(SolutionProperties) = preSolution
		HideSolutionNode = FALSE
	EndGlobalSection
	GlobalSection(ExtensibilityGlobals) = postSolution
		SolutionGuid = {5510C17D-97D0-4EB6-A256-2FBF9224ECB3}
	EndGlobalSection
EndGlobal
